
Microsoft Visual Studio Solution File, Format Version 12.00
# Visual Studio 15
VisualStudioVersion = 15.0.27004.2005
MinimumVisualStudioVersion = 10.0.40219.1
Project("{9A19103F-16F7-4668-BE54-9A1E7A4F7556}") = "FileSync.Common", "FileSync.Common\FileSync.Common.csproj", "{F8CB007A-612B-404A-9D6B-808566504CC9}"
EndProject
Project("{FAE04EC0-301F-11D3-BF4B-00C04F79EFBC}") = "FileSync.Android", "FileScanner\FileSync.Android.csproj", "{62E659A2-4CF2-43E0-BEF3-9385B85AE03A}"
EndProject
Project("{FAE04EC0-301F-11D3-BF4B-00C04F79EFBC}") = "FileSync.Server", "CustomServer\FileSync.Server.csproj", "{E7B8E7B6-0EF6-4363-B786-24DDC6E6ABC5}"
EndProject
Project("{FAE04EC0-301F-11D3-BF4B-00C04F79EFBC}") = "FileSync.TestClient", "CustomClient\FileSync.TestClient.csproj", "{B877716D-3754-4B1D-9F16-E828975BFF9B}"
EndProject
Project("{FAE04EC0-301F-11D3-BF4B-00C04F79EFBC}") = "FileSync.Tests", "FileSync.Tests\FileSync.Tests.csproj", "{767E8E88-4C9F-4A74-AF06-5060247DA6DC}"
EndProject
Project("{2150E333-8FDC-42A3-9474-1A3956D46DE8}") = "Solution Items", "Solution Items", "{0B6AE39F-A4BD-4009-AF68-C24150FFC13B}"
	ProjectSection(SolutionItems) = preProject
		FileScanner.sln.DotSettings = FileScanner.sln.DotSettings
	EndProjectSection
EndProject
Global
	GlobalSection(SolutionConfigurationPlatforms) = preSolution
		Debug|x64 = Debug|x64
		Release|x64 = Release|x64
	EndGlobalSection
	GlobalSection(ProjectConfigurationPlatforms) = postSolution
		{F8CB007A-612B-404A-9D6B-808566504CC9}.Debug|x64.ActiveCfg = Debug|x64
		{F8CB007A-612B-404A-9D6B-808566504CC9}.Debug|x64.Build.0 = Debug|x64
		{F8CB007A-612B-404A-9D6B-808566504CC9}.Release|x64.ActiveCfg = Release|x64
		{F8CB007A-612B-404A-9D6B-808566504CC9}.Release|x64.Build.0 = Release|x64
		{62E659A2-4CF2-43E0-BEF3-9385B85AE03A}.Debug|x64.ActiveCfg = Debug|x64
		{62E659A2-4CF2-43E0-BEF3-9385B85AE03A}.Debug|x64.Build.0 = Debug|x64
		{62E659A2-4CF2-43E0-BEF3-9385B85AE03A}.Debug|x64.Deploy.0 = Debug|x64
		{62E659A2-4CF2-43E0-BEF3-9385B85AE03A}.Release|x64.ActiveCfg = Release|x64
		{62E659A2-4CF2-43E0-BEF3-9385B85AE03A}.Release|x64.Build.0 = Release|x64
		{62E659A2-4CF2-43E0-BEF3-9385B85AE03A}.Release|x64.Deploy.0 = Release|x64
		{E7B8E7B6-0EF6-4363-B786-24DDC6E6ABC5}.Debug|x64.ActiveCfg = Debug|x64
		{E7B8E7B6-0EF6-4363-B786-24DDC6E6ABC5}.Debug|x64.Build.0 = Debug|x64
		{E7B8E7B6-0EF6-4363-B786-24DDC6E6ABC5}.Release|x64.ActiveCfg = Release|x64
		{E7B8E7B6-0EF6-4363-B786-24DDC6E6ABC5}.Release|x64.Build.0 = Release|x64
		{B877716D-3754-4B1D-9F16-E828975BFF9B}.Debug|x64.ActiveCfg = Debug|x64
		{B877716D-3754-4B1D-9F16-E828975BFF9B}.Debug|x64.Build.0 = Debug|x64
		{B877716D-3754-4B1D-9F16-E828975BFF9B}.Release|x64.ActiveCfg = Release|x64
		{767E8E88-4C9F-4A74-AF06-5060247DA6DC}.Debug|x64.ActiveCfg = Debug|x64
		{767E8E88-4C9F-4A74-AF06-5060247DA6DC}.Debug|x64.Build.0 = Debug|x64
		{767E8E88-4C9F-4A74-AF06-5060247DA6DC}.Release|x64.ActiveCfg = Release|x64
		{767E8E88-4C9F-4A74-AF06-5060247DA6DC}.Release|x64.Build.0 = Release|x64
	EndGlobalSection
	GlobalSection(SolutionProperties) = preSolution
		HideSolutionNode = FALSE
	EndGlobalSection
	GlobalSection(ExtensibilityGlobals) = postSolution
		SolutionGuid = {8DF716DA-6314-439D-9845-23FE67AD599F}
	EndGlobalSection
EndGlobal
